
Microsoft Visual Studio Solution File, Format Version 11.00
# Visual Studio 2010
Project("{FAE04EC0-301F-11D3-BF4B-00C04F79EFBC}") = "Assembly-CSharp", "Assembly-CSharp.csproj", "{2dce9462-c276-6406-c405-69a32066dda9}"
EndProject
Project("{FAE04EC0-301F-11D3-BF4B-00C04F79EFBC}") = "Assembly-CSharp-Editor", "Assembly-CSharp-Editor.csproj", "{265927db-167a-d044-0a2b-6472adcffe6a}"
EndProject
Global
	GlobalSection(SolutionConfigurationPlatforms) = preSolution
		Debug|Any CPU = Debug|Any CPU
	EndGlobalSection
	GlobalSection(ProjectConfigurationPlatforms) = postSolution
		{2dce9462-c276-6406-c405-69a32066dda9}.Debug|Any CPU.ActiveCfg = Debug|Any CPU
		{2dce9462-c276-6406-c405-69a32066dda9}.Debug|Any CPU.Build.0 = Debug|Any CPU
		{265927db-167a-d044-0a2b-6472adcffe6a}.Debug|Any CPU.ActiveCfg = Debug|Any CPU
		{265927db-167a-d044-0a2b-6472adcffe6a}.Debug|Any CPU.Build.0 = Debug|Any CPU
	EndGlobalSection
	GlobalSection(SolutionProperties) = preSolution
		HideSolutionNode = FALSE
	EndGlobalSection
EndGlobal
